
Microsoft Visual Studio Solution File, Format Version 12.00
# Visual Studio Version 16
VisualStudioVersion = 16.0.31410.357
MinimumVisualStudioVersion = 10.0.40219.1
Project("{9A19103F-16F7-4668-BE54-9A1E7A4F7556}") = "ConceptualNetCore", "Conceptual\ConceptualNetCore.csproj", "{82D6F0BA-6B93-401F-B5E0-783677C92F91}"
EndProject
Project("{FAE04EC0-301F-11D3-BF4B-00C04F79EFBC}") = "ConcurrencyParallelismDotNet", "ConceptualFramework\ConcurrencyParallelismDotNet.csproj", "{A256A7A3-F174-48ED-A721-FF9DBC24AC28}"
EndProject
Project("{9A19103F-16F7-4668-BE54-9A1E7A4F7556}") = "DesignPatterns", "DesignPatterns\DesignPatterns.csproj", "{506798B0-BBB0-42FA-9350-7766E93EC4B3}"
EndProject
Project("{9A19103F-16F7-4668-BE54-9A1E7A4F7556}") = "NetCoreAnalysis(InterviewRelated)", "NetCoreAnalysis\NetCoreAnalysis(InterviewRelated).csproj", "{98AF3B16-1AD7-48FC-8CE6-0C91CBF8CEF4}"
EndProject
Project("{9A19103F-16F7-4668-BE54-9A1E7A4F7556}") = "Testing_Quiz", "..\CS_Basics\Testing_Quiz\Testing_Quiz.csproj", "{9D123C2C-EF0B-4DEE-A9FE-74549F18DA14}"
EndProject
Project("{FAE04EC0-301F-11D3-BF4B-00C04F79EFBC}") = "AzureConcepts", "AzureConcepts\AzureConcepts.csproj", "{D5268D07-B47A-4D2F-9DBD-4F3E98BEC88F}"
EndProject
Project("{9A19103F-16F7-4668-BE54-9A1E7A4F7556}") = "InterviewRelated(PopularConceptual)", "InterviewRelated\InterviewRelated(PopularConceptual).csproj", "{76D4812B-011E-4147-8967-C82A5FDF464C}"
EndProject
Global
	GlobalSection(SolutionConfigurationPlatforms) = preSolution
		Debug|Any CPU = Debug|Any CPU
		Release|Any CPU = Release|Any CPU
	EndGlobalSection
	GlobalSection(ProjectConfigurationPlatforms) = postSolution
		{82D6F0BA-6B93-401F-B5E0-783677C92F91}.Debug|Any CPU.ActiveCfg = Debug|Any CPU
		{82D6F0BA-6B93-401F-B5E0-783677C92F91}.Debug|Any CPU.Build.0 = Debug|Any CPU
		{82D6F0BA-6B93-401F-B5E0-783677C92F91}.Release|Any CPU.ActiveCfg = Release|Any CPU
		{82D6F0BA-6B93-401F-B5E0-783677C92F91}.Release|Any CPU.Build.0 = Release|Any CPU
		{A256A7A3-F174-48ED-A721-FF9DBC24AC28}.Debug|Any CPU.ActiveCfg = Debug|Any CPU
		{A256A7A3-F174-48ED-A721-FF9DBC24AC28}.Debug|Any CPU.Build.0 = Debug|Any CPU
		{A256A7A3-F174-48ED-A721-FF9DBC24AC28}.Release|Any CPU.ActiveCfg = Release|Any CPU
		{A256A7A3-F174-48ED-A721-FF9DBC24AC28}.Release|Any CPU.Build.0 = Release|Any CPU
		{506798B0-BBB0-42FA-9350-7766E93EC4B3}.Debug|Any CPU.ActiveCfg = Debug|Any CPU
		{506798B0-BBB0-42FA-9350-7766E93EC4B3}.Debug|Any CPU.Build.0 = Debug|Any CPU
		{506798B0-BBB0-42FA-9350-7766E93EC4B3}.Release|Any CPU.ActiveCfg = Release|Any CPU
		{506798B0-BBB0-42FA-9350-7766E93EC4B3}.Release|Any CPU.Build.0 = Release|Any CPU
		{98AF3B16-1AD7-48FC-8CE6-0C91CBF8CEF4}.Debug|Any CPU.ActiveCfg = Debug|Any CPU
		{98AF3B16-1AD7-48FC-8CE6-0C91CBF8CEF4}.Debug|Any CPU.Build.0 = Debug|Any CPU
		{98AF3B16-1AD7-48FC-8CE6-0C91CBF8CEF4}.Release|Any CPU.ActiveCfg = Release|Any CPU
		{98AF3B16-1AD7-48FC-8CE6-0C91CBF8CEF4}.Release|Any CPU.Build.0 = Release|Any CPU
		{9D123C2C-EF0B-4DEE-A9FE-74549F18DA14}.Debug|Any CPU.ActiveCfg = Debug|Any CPU
		{9D123C2C-EF0B-4DEE-A9FE-74549F18DA14}.Debug|Any CPU.Build.0 = Debug|Any CPU
		{9D123C2C-EF0B-4DEE-A9FE-74549F18DA14}.Release|Any CPU.ActiveCfg = Release|Any CPU
		{9D123C2C-EF0B-4DEE-A9FE-74549F18DA14}.Release|Any CPU.Build.0 = Release|Any CPU
		{D5268D07-B47A-4D2F-9DBD-4F3E98BEC88F}.Debug|Any CPU.ActiveCfg = Debug|Any CPU
		{D5268D07-B47A-4D2F-9DBD-4F3E98BEC88F}.Debug|Any CPU.Build.0 = Debug|Any CPU
		{D5268D07-B47A-4D2F-9DBD-4F3E98BEC88F}.Release|Any CPU.ActiveCfg = Release|Any CPU
		{D5268D07-B47A-4D2F-9DBD-4F3E98BEC88F}.Release|Any CPU.Build.0 = Release|Any CPU
		{76D4812B-011E-4147-8967-C82A5FDF464C}.Debug|Any CPU.ActiveCfg = Debug|Any CPU
		{76D4812B-011E-4147-8967-C82A5FDF464C}.Debug|Any CPU.Build.0 = Debug|Any CPU
		{76D4812B-011E-4147-8967-C82A5FDF464C}.Release|Any CPU.ActiveCfg = Release|Any CPU
		{76D4812B-011E-4147-8967-C82A5FDF464C}.Release|Any CPU.Build.0 = Release|Any CPU
	EndGlobalSection
	GlobalSection(SolutionProperties) = preSolution
		HideSolutionNode = FALSE
	EndGlobalSection
	GlobalSection(ExtensibilityGlobals) = postSolution
		SolutionGuid = {DE98EC52-9EE1-40BD-93ED-6A06479B06A6}
	EndGlobalSection
EndGlobal
